
Microsoft Visual Studio Solution File, Format Version 12.00
Project("{FAE04EC0-301F-11D3-BF4B-00C04F79EFBC}") = "BontzGame", "BontzGame\BontzGame.csproj", "{27AB4C5C-09E5-46AC-AD91-8B21561C1388}"
EndProject
Global
	GlobalSection(SolutionConfigurationPlatforms) = preSolution
		Debug|Any CPU = Debug|Any CPU
		Release|Any CPU = Release|Any CPU
	EndGlobalSection
	GlobalSection(ProjectConfigurationPlatforms) = postSolution
		{27AB4C5C-09E5-46AC-AD91-8B21561C1388}.Debug|Any CPU.ActiveCfg = Debug|Any CPU
		{27AB4C5C-09E5-46AC-AD91-8B21561C1388}.Debug|Any CPU.Build.0 = Debug|Any CPU
		{27AB4C5C-09E5-46AC-AD91-8B21561C1388}.Release|Any CPU.ActiveCfg = Release|Any CPU
		{27AB4C5C-09E5-46AC-AD91-8B21561C1388}.Release|Any CPU.Build.0 = Release|Any CPU
	EndGlobalSection
EndGlobal
